
Microsoft Visual Studio Solution File, Format Version 12.00
# Visual Studio Version 16
VisualStudioVersion = 16.0.33423.256
MinimumVisualStudioVersion = 10.0.40219.1
Project("{8BC9CEB8-8B4A-11D0-8D11-00A0C91BC942}") = "TestEnv", "TestEnv\TestEnv.vcxproj", "{A6102A36-309D-4B81-8537-F12A04DE02B0}"
EndProject
Project("{8BC9CEB8-8B4A-11D0-8D11-00A0C91BC942}") = "EGSS", "EGSS\EGSS.vcxproj", "{7D344203-D20E-4F23-B873-0A2A1FB2ED59}"
EndProject
Global
	GlobalSection(SolutionConfigurationPlatforms) = preSolution
		Debug|x64 = Debug|x64
		Release|x64 = Release|x64
	EndGlobalSection
	GlobalSection(ProjectConfigurationPlatforms) = postSolution
		{A6102A36-309D-4B81-8537-F12A04DE02B0}.Debug|x64.ActiveCfg = Debug|x64
		{A6102A36-309D-4B81-8537-F12A04DE02B0}.Debug|x64.Build.0 = Debug|x64
		{A6102A36-309D-4B81-8537-F12A04DE02B0}.Release|x64.ActiveCfg = Release|x64
		{A6102A36-309D-4B81-8537-F12A04DE02B0}.Release|x64.Build.0 = Release|x64
		{7D344203-D20E-4F23-B873-0A2A1FB2ED59}.Debug|x64.ActiveCfg = Debug|x64
		{7D344203-D20E-4F23-B873-0A2A1FB2ED59}.Debug|x64.Build.0 = Debug|x64
		{7D344203-D20E-4F23-B873-0A2A1FB2ED59}.Release|x64.ActiveCfg = Release|x64
		{7D344203-D20E-4F23-B873-0A2A1FB2ED59}.Release|x64.Build.0 = Release|x64
	EndGlobalSection
	GlobalSection(SolutionProperties) = preSolution
		HideSolutionNode = FALSE
	EndGlobalSection
	GlobalSection(ExtensibilityGlobals) = postSolution
		SolutionGuid = {0C66075E-9749-4C6E-A74E-8BB88C54247B}
	EndGlobalSection
EndGlobal
